// !$*UTF8*$!
{
	archiveVersion = 1;
	classes = {
	};
	objectVersion = 46;
	objects = {

/* Begin PBXBuildFile section */
		4683778A6B249F586D81F3DA /* Pods_Stammtisch.framework in Frameworks */ = {isa = PBXBuildFile; fileRef = C56FF655FF404F12146D56DE /* Pods_Stammtisch.framework */; };
		70BE251D1EFD856100ED9982 /* ProgramData.swift in Sources */ = {isa = PBXBuildFile; fileRef = 70BE251C1EFD856100ED9982 /* ProgramData.swift */; };
		70BE251F1EFD858500ED9982 /* Restaurant.swift in Sources */ = {isa = PBXBuildFile; fileRef = 70BE251E1EFD858500ED9982 /* Restaurant.swift */; };
		70BE25211EFD85A200ED9982 /* Anlass.swift in Sources */ = {isa = PBXBuildFile; fileRef = 70BE25201EFD85A200ED9982 /* Anlass.swift */; };
		70F855D61EFEBCBA0082DFC6 /* objC.m in Sources */ = {isa = PBXBuildFile; fileRef = 70F855D51EFEBCBA0082DFC6 /* objC.m */; };
		A93238351EFD535D005D6D79 /* AppDelegate.swift in Sources */ = {isa = PBXBuildFile; fileRef = A93238341EFD535D005D6D79 /* AppDelegate.swift */; };
		A93238371EFD535D005D6D79 /* ViewController.swift in Sources */ = {isa = PBXBuildFile; fileRef = A93238361EFD535D005D6D79 /* ViewController.swift */; };
		A932383A1EFD535D005D6D79 /* Main.storyboard in Resources */ = {isa = PBXBuildFile; fileRef = A93238381EFD535D005D6D79 /* Main.storyboard */; };
		A932383C1EFD535D005D6D79 /* Assets.xcassets in Resources */ = {isa = PBXBuildFile; fileRef = A932383B1EFD535D005D6D79 /* Assets.xcassets */; };
		A932383F1EFD535D005D6D79 /* LaunchScreen.storyboard in Resources */ = {isa = PBXBuildFile; fileRef = A932383D1EFD535D005D6D79 /* LaunchScreen.storyboard */; };
		A9B7A0E21EFD579C00CB5A87 /* CreateProgramController.swift in Sources */ = {isa = PBXBuildFile; fileRef = A9B7A0E11EFD579C00CB5A87 /* CreateProgramController.swift */; };
		A9B7A0EA1EFE62A500CB5A87 /* EventCell.swift in Sources */ = {isa = PBXBuildFile; fileRef = A9B7A0E91EFE62A500CB5A87 /* EventCell.swift */; };
/* End PBXBuildFile section */

/* Begin PBXFileReference section */
		70BE251C1EFD856100ED9982 /* ProgramData.swift */ = {isa = PBXFileReference; fileEncoding = 4; lastKnownFileType = sourcecode.swift; path = ProgramData.swift; sourceTree = "<group>"; };
		70BE251E1EFD858500ED9982 /* Restaurant.swift */ = {isa = PBXFileReference; fileEncoding = 4; lastKnownFileType = sourcecode.swift; path = Restaurant.swift; sourceTree = "<group>"; };
		70BE25201EFD85A200ED9982 /* Anlass.swift */ = {isa = PBXFileReference; fileEncoding = 4; lastKnownFileType = sourcecode.swift; path = Anlass.swift; sourceTree = "<group>"; };
		70F855D41EFEBCB90082DFC6 /* Stammtisch-Bridging-Header.h */ = {isa = PBXFileReference; lastKnownFileType = sourcecode.c.h; path = "Stammtisch-Bridging-Header.h"; sourceTree = "<group>"; };
		70F855D51EFEBCBA0082DFC6 /* objC.m */ = {isa = PBXFileReference; fileEncoding = 4; lastKnownFileType = sourcecode.c.objc; path = objC.m; sourceTree = "<group>"; };
		A93238311EFD535D005D6D79 /* Stammtisch.app */ = {isa = PBXFileReference; explicitFileType = wrapper.application; includeInIndex = 0; path = Stammtisch.app; sourceTree = BUILT_PRODUCTS_DIR; };
		A93238341EFD535D005D6D79 /* AppDelegate.swift */ = {isa = PBXFileReference; lastKnownFileType = sourcecode.swift; path = AppDelegate.swift; sourceTree = "<group>"; };
		A93238361EFD535D005D6D79 /* ViewController.swift */ = {isa = PBXFileReference; lastKnownFileType = sourcecode.swift; path = ViewController.swift; sourceTree = "<group>"; };
		A93238391EFD535D005D6D79 /* Base */ = {isa = PBXFileReference; lastKnownFileType = file.storyboard; name = Base; path = Base.lproj/Main.storyboard; sourceTree = "<group>"; };
		A932383B1EFD535D005D6D79 /* Assets.xcassets */ = {isa = PBXFileReference; lastKnownFileType = folder.assetcatalog; path = Assets.xcassets; sourceTree = "<group>"; };
		A932383E1EFD535D005D6D79 /* Base */ = {isa = PBXFileReference; lastKnownFileType = file.storyboard; name = Base; path = Base.lproj/LaunchScreen.storyboard; sourceTree = "<group>"; };
		A93238401EFD535D005D6D79 /* Info.plist */ = {isa = PBXFileReference; lastKnownFileType = text.plist.xml; path = Info.plist; sourceTree = "<group>"; };
		A9B7A0E11EFD579C00CB5A87 /* CreateProgramController.swift */ = {isa = PBXFileReference; fileEncoding = 4; lastKnownFileType = sourcecode.swift; path = CreateProgramController.swift; sourceTree = "<group>"; };
		A9B7A0E91EFE62A500CB5A87 /* EventCell.swift */ = {isa = PBXFileReference; fileEncoding = 4; lastKnownFileType = sourcecode.swift; path = EventCell.swift; sourceTree = "<group>"; };
		C56FF655FF404F12146D56DE /* Pods_Stammtisch.framework */ = {isa = PBXFileReference; explicitFileType = wrapper.framework; includeInIndex = 0; path = Pods_Stammtisch.framework; sourceTree = BUILT_PRODUCTS_DIR; };
		E709FF47DA812A86A58231F2 /* Pods-Stammtisch.debug.xcconfig */ = {isa = PBXFileReference; includeInIndex = 1; lastKnownFileType = text.xcconfig; name = "Pods-Stammtisch.debug.xcconfig"; path = "Pods/Target Support Files/Pods-Stammtisch/Pods-Stammtisch.debug.xcconfig"; sourceTree = "<group>"; };
		E91B6394A1F3F996A47F6E04 /* Pods-Stammtisch.release.xcconfig */ = {isa = PBXFileReference; includeInIndex = 1; lastKnownFileType = text.xcconfig; name = "Pods-Stammtisch.release.xcconfig"; path = "Pods/Target Support Files/Pods-Stammtisch/Pods-Stammtisch.release.xcconfig"; sourceTree = "<group>"; };
/* End PBXFileReference section */

/* Begin PBXFrameworksBuildPhase section */
		A932382E1EFD535D005D6D79 /* Frameworks */ = {
			isa = PBXFrameworksBuildPhase;
			buildActionMask = 2147483647;
			files = (
				4683778A6B249F586D81F3DA /* Pods_Stammtisch.framework in Frameworks */,
			);
			runOnlyForDeploymentPostprocessing = 0;
		};
/* End PBXFrameworksBuildPhase section */

/* Begin PBXGroup section */
		8B377114CBCAE0B26A5226F0 /* Frameworks */ = {
			isa = PBXGroup;
			children = (
				C56FF655FF404F12146D56DE /* Pods_Stammtisch.framework */,
			);
			name = Frameworks;
			sourceTree = "<group>";
		};
		A93238281EFD535D005D6D79 = {
			isa = PBXGroup;
			children = (
				A93238331EFD535D005D6D79 /* Stammtisch */,
				A93238321EFD535D005D6D79 /* Products */,
				D870DCC90716487DE82E43B4 /* Pods */,
				8B377114CBCAE0B26A5226F0 /* Frameworks */,
			);
			sourceTree = "<group>";
		};
		A93238321EFD535D005D6D79 /* Products */ = {
			isa = PBXGroup;
			children = (
				A93238311EFD535D005D6D79 /* Stammtisch.app */,
			);
			name = Products;
			sourceTree = "<group>";
		};
		A93238331EFD535D005D6D79 /* Stammtisch */ = {
			isa = PBXGroup;
			children = (
				70F855D51EFEBCBA0082DFC6 /* objC.m */,
				A93238341EFD535D005D6D79 /* AppDelegate.swift */,
				A93238361EFD535D005D6D79 /* ViewController.swift */,
				A9B7A0E11EFD579C00CB5A87 /* CreateProgramController.swift */,
				A93238381EFD535D005D6D79 /* Main.storyboard */,
				A932383B1EFD535D005D6D79 /* Assets.xcassets */,
				A932383D1EFD535D005D6D79 /* LaunchScreen.storyboard */,
				A93238401EFD535D005D6D79 /* Info.plist */,
				70BE251C1EFD856100ED9982 /* ProgramData.swift */,
				70BE251E1EFD858500ED9982 /* Restaurant.swift */,
				70BE25201EFD85A200ED9982 /* Anlass.swift */,
				A9B7A0E91EFE62A500CB5A87 /* EventCell.swift */,
				70F855D41EFEBCB90082DFC6 /* Stammtisch-Bridging-Header.h */,
			);
			path = Stammtisch;
			sourceTree = "<group>";
		};
		D870DCC90716487DE82E43B4 /* Pods */ = {
			isa = PBXGroup;
			children = (
				E709FF47DA812A86A58231F2 /* Pods-Stammtisch.debug.xcconfig */,
				E91B6394A1F3F996A47F6E04 /* Pods-Stammtisch.release.xcconfig */,
			);
			name = Pods;
			sourceTree = "<group>";
		};
/* End PBXGroup section */

/* Begin PBXNativeTarget section */
		A93238301EFD535D005D6D79 /* Stammtisch */ = {
			isa = PBXNativeTarget;
			buildConfigurationList = A93238431EFD535D005D6D79 /* Build configuration list for PBXNativeTarget "Stammtisch" */;
			buildPhases = (
				B83F24EA5AF55ADCE9CA3FF2 /* [CP] Check Pods Manifest.lock */,
				A932382D1EFD535D005D6D79 /* Sources */,
				A932382E1EFD535D005D6D79 /* Frameworks */,
				A932382F1EFD535D005D6D79 /* Resources */,
				17C033A29D4C98DAD3D2E00B /* [CP] Embed Pods Frameworks */,
				15792749DC74AE43A067C87D /* [CP] Copy Pods Resources */,
			);
			buildRules = (
			);
			dependencies = (
			);
			name = Stammtisch;
			productName = Stammtisch;
			productReference = A93238311EFD535D005D6D79 /* Stammtisch.app */;
			productType = "com.apple.product-type.application";
		};
/* End PBXNativeTarget section */

/* Begin PBXProject section */
		A93238291EFD535D005D6D79 /* Project object */ = {
			isa = PBXProject;
			attributes = {
				LastSwiftUpdateCheck = 0830;
				LastUpgradeCheck = 0830;
				ORGANIZATIONNAME = Stammtisch;
				TargetAttributes = {
					A93238301EFD535D005D6D79 = {
						CreatedOnToolsVersion = 8.3.3;
						DevelopmentTeam = V5QNM5ZAW9;
						LastSwiftMigration = 0820;
						ProvisioningStyle = Automatic;
					};
				};
			};
			buildConfigurationList = A932382C1EFD535D005D6D79 /* Build configuration list for PBXProject "Stammtisch" */;
			compatibilityVersion = "Xcode 3.2";
			developmentRegion = English;
			hasScannedForEncodings = 0;
			knownRegions = (
				en,
				Base,
			);
			mainGroup = A93238281EFD535D005D6D79;
			productRefGroup = A93238321EFD535D005D6D79 /* Products */;
			projectDirPath = "";
			projectRoot = "";
			targets = (
				A93238301EFD535D005D6D79 /* Stammtisch */,
			);
		};
/* End PBXProject section */

/* Begin PBXResourcesBuildPhase section */
		A932382F1EFD535D005D6D79 /* Resources */ = {
			isa = PBXResourcesBuildPhase;
			buildActionMask = 2147483647;
			files = (
				A932383F1EFD535D005D6D79 /* LaunchScreen.storyboard in Resources */,
				A932383C1EFD535D005D6D79 /* Assets.xcassets in Resources */,
				A932383A1EFD535D005D6D79 /* Main.storyboard in Resources */,
			);
			runOnlyForDeploymentPostprocessing = 0;
		};
/* End PBXResourcesBuildPhase section */

/* Begin PBXShellScriptBuildPhase section */
		15792749DC74AE43A067C87D /* [CP] Copy Pods Resources */ = {
			isa = PBXShellScriptBuildPhase;
			buildActionMask = 2147483647;
			files = (
			);
			inputPaths = (
			);
			name = "[CP] Copy Pods Resources";
			outputPaths = (
			);
			runOnlyForDeploymentPostprocessing = 0;
			shellPath = /bin/sh;
			shellScript = "\"${SRCROOT}/Pods/Target Support Files/Pods-Stammtisch/Pods-Stammtisch-resources.sh\"\n";
			showEnvVarsInLog = 0;
		};
		17C033A29D4C98DAD3D2E00B /* [CP] Embed Pods Frameworks */ = {
			isa = PBXShellScriptBuildPhase;
			buildActionMask = 2147483647;
			files = (
			);
			inputPaths = (
			);
			name = "[CP] Embed Pods Frameworks";
			outputPaths = (
			);
			runOnlyForDeploymentPostprocessing = 0;
			shellPath = /bin/sh;
			shellScript = "\"${SRCROOT}/Pods/Target Support Files/Pods-Stammtisch/Pods-Stammtisch-frameworks.sh\"\n";
			showEnvVarsInLog = 0;
		};
		B83F24EA5AF55ADCE9CA3FF2 /* [CP] Check Pods Manifest.lock */ = {
			isa = PBXShellScriptBuildPhase;
			buildActionMask = 2147483647;
			files = (
			);
			inputPaths = (
			);
			name = "[CP] Check Pods Manifest.lock";
			outputPaths = (
			);
			runOnlyForDeploymentPostprocessing = 0;
			shellPath = /bin/sh;
			shellScript = "diff \"${PODS_ROOT}/../Podfile.lock\" \"${PODS_ROOT}/Manifest.lock\" > /dev/null\nif [ $? != 0 ] ; then\n    # print error to STDERR\n    echo \"error: The sandbox is not in sync with the Podfile.lock. Run 'pod install' or update your CocoaPods installation.\" >&2\n    exit 1\nfi\n";
			showEnvVarsInLog = 0;
		};
/* End PBXShellScriptBuildPhase section */

/* Begin PBXSourcesBuildPhase section */
		A932382D1EFD535D005D6D79 /* Sources */ = {
			isa = PBXSourcesBuildPhase;
			buildActionMask = 2147483647;
			files = (
				70BE251F1EFD858500ED9982 /* Restaurant.swift in Sources */,
				A9B7A0E21EFD579C00CB5A87 /* CreateProgramController.swift in Sources */,
				A93238371EFD535D005D6D79 /* ViewController.swift in Sources */,
				70BE25211EFD85A200ED9982 /* Anlass.swift in Sources */,
				70BE251D1EFD856100ED9982 /* ProgramData.swift in Sources */,
				A93238351EFD535D005D6D79 /* AppDelegate.swift in Sources */,
				A9B7A0EA1EFE62A500CB5A87 /* EventCell.swift in Sources */,
				70F855D61EFEBCBA0082DFC6 /* objC.m in Sources */,
			);
			runOnlyForDeploymentPostprocessing = 0;
		};
/* End PBXSourcesBuildPhase section */

/* Begin PBXVariantGroup section */
		A93238381EFD535D005D6D79 /* Main.storyboard */ = {
			isa = PBXVariantGroup;
			children = (
				A93238391EFD535D005D6D79 /* Base */,
			);
			name = Main.storyboard;
			sourceTree = "<group>";
		};
		A932383D1EFD535D005D6D79 /* LaunchScreen.storyboard */ = {
			isa = PBXVariantGroup;
			children = (
				A932383E1EFD535D005D6D79 /* Base */,
			);
			name = LaunchScreen.storyboard;
			sourceTree = "<group>";
		};
/* End PBXVariantGroup section */

/* Begin XCBuildConfiguration section */
		A93238411EFD535D005D6D79 /* Debug */ = {
			isa = XCBuildConfiguration;
			buildSettings = {
				ALWAYS_SEARCH_USER_PATHS = NO;
				CLANG_ANALYZER_NONNULL = YES;
				CLANG_ANALYZER_NUMBER_OBJECT_CONVERSION = YES_AGGRESSIVE;
				CLANG_CXX_LANGUAGE_STANDARD = "gnu++0x";
				CLANG_CXX_LIBRARY = "libc++";
				CLANG_ENABLE_MODULES = YES;
				CLANG_ENABLE_OBJC_ARC = YES;
				CLANG_WARN_BOOL_CONVERSION = YES;
				CLANG_WARN_CONSTANT_CONVERSION = YES;
				CLANG_WARN_DIRECT_OBJC_ISA_USAGE = YES_ERROR;
				CLANG_WARN_DOCUMENTATION_COMMENTS = YES;
				CLANG_WARN_EMPTY_BODY = YES;
				CLANG_WARN_ENUM_CONVERSION = YES;
				CLANG_WARN_INFINITE_RECURSION = YES;
				CLANG_WARN_INT_CONVERSION = YES;
				CLANG_WARN_OBJC_ROOT_CLASS = YES_ERROR;
				CLANG_WARN_SUSPICIOUS_MOVE = YES;
				CLANG_WARN_UNREACHABLE_CODE = YES;
				CLANG_WARN__DUPLICATE_METHOD_MATCH = YES;
				"CODE_SIGN_IDENTITY[sdk=iphoneos*]" = "iPhone Developer";
				COPY_PHASE_STRIP = NO;
				DEBUG_INFORMATION_FORMAT = dwarf;
				ENABLE_STRICT_OBJC_MSGSEND = YES;
				ENABLE_TESTABILITY = YES;
				GCC_C_LANGUAGE_STANDARD = gnu99;
				GCC_DYNAMIC_NO_PIC = NO;
				GCC_NO_COMMON_BLOCKS = YES;
				GCC_OPTIMIZATION_LEVEL = 0;
				GCC_PREPROCESSOR_DEFINITIONS = (
					"DEBUG=1",
					"$(inherited)",
				);
				GCC_WARN_64_TO_32_BIT_CONVERSION = YES;
				GCC_WARN_ABOUT_RETURN_TYPE = YES_ERROR;
				GCC_WARN_UNDECLARED_SELECTOR = YES;
				GCC_WARN_UNINITIALIZED_AUTOS = YES_AGGRESSIVE;
				GCC_WARN_UNUSED_FUNCTION = YES;
				GCC_WARN_UNUSED_VARIABLE = YES;
				IPHONEOS_DEPLOYMENT_TARGET = 10.3;
				MTL_ENABLE_DEBUG_INFO = YES;
				ONLY_ACTIVE_ARCH = YES;
				SDKROOT = iphoneos;
				SWIFT_ACTIVE_COMPILATION_CONDITIONS = DEBUG;
				SWIFT_OBJC_BRIDGING_HEADER = "Stammtisch-Bridging-Header.h";
				SWIFT_OPTIMIZATION_LEVEL = "-Onone";
				USER_HEADER_SEARCH_PATHS = Pods;
			};
			name = Debug;
		};
		A93238421EFD535D005D6D79 /* Release */ = {
			isa = XCBuildConfiguration;
			buildSettings = {
				ALWAYS_SEARCH_USER_PATHS = NO;
				CLANG_ANALYZER_NONNULL = YES;
				CLANG_ANALYZER_NUMBER_OBJECT_CONVERSION = YES_AGGRESSIVE;
				CLANG_CXX_LANGUAGE_STANDARD = "gnu++0x";
				CLANG_CXX_LIBRARY = "libc++";
				CLANG_ENABLE_MODULES = YES;
				CLANG_ENABLE_OBJC_ARC = YES;
				CLANG_WARN_BOOL_CONVERSION = YES;
				CLANG_WARN_CONSTANT_CONVERSION = YES;
				CLANG_WARN_DIRECT_OBJC_ISA_USAGE = YES_ERROR;
				CLANG_WARN_DOCUMENTATION_COMMENTS = YES;
				CLANG_WARN_EMPTY_BODY = YES;
				CLANG_WARN_ENUM_CONVERSION = YES;
				CLANG_WARN_INFINITE_RECURSION = YES;
				CLANG_WARN_INT_CONVERSION = YES;
				CLANG_WARN_OBJC_ROOT_CLASS = YES_ERROR;
				CLANG_WARN_SUSPICIOUS_MOVE = YES;
				CLANG_WARN_UNREACHABLE_CODE = YES;
				CLANG_WARN__DUPLICATE_METHOD_MATCH = YES;
				"CODE_SIGN_IDENTITY[sdk=iphoneos*]" = "iPhone Developer";
				COPY_PHASE_STRIP = NO;
				DEBUG_INFORMATION_FORMAT = "dwarf-with-dsym";
				ENABLE_NS_ASSERTIONS = NO;
				ENABLE_STRICT_OBJC_MSGSEND = YES;
				GCC_C_LANGUAGE_STANDARD = gnu99;
				GCC_NO_COMMON_BLOCKS = YES;
				GCC_WARN_64_TO_32_BIT_CONVERSION = YES;
				GCC_WARN_ABOUT_RETURN_TYPE = YES_ERROR;
				GCC_WARN_UNDECLARED_SELECTOR = YES;
				GCC_WARN_UNINITIALIZED_AUTOS = YES_AGGRESSIVE;
				GCC_WARN_UNUSED_FUNCTION = YES;
				GCC_WARN_UNUSED_VARIABLE = YES;
				IPHONEOS_DEPLOYMENT_TARGET = 10.3;
				MTL_ENABLE_DEBUG_INFO = NO;
				SDKROOT = iphoneos;
				SWIFT_OBJC_BRIDGING_HEADER = "Stammtisch-Bridging-Header.h";
				SWIFT_OPTIMIZATION_LEVEL = "-Owholemodule";
				USER_HEADER_SEARCH_PATHS = Pods;
				VALIDATE_PRODUCT = YES;
			};
			name = Release;
		};
		A93238441EFD535D005D6D79 /* Debug */ = {
			isa = XCBuildConfiguration;
			baseConfigurationReference = E709FF47DA812A86A58231F2 /* Pods-Stammtisch.debug.xcconfig */;
			buildSettings = {
				ASSETCATALOG_COMPILER_APPICON_NAME = AppIcon;
				CLANG_ENABLE_MODULES = YES;
				DEVELOPMENT_TEAM = V5QNM5ZAW9;
				INFOPLIST_FILE = Stammtisch/Info.plist;
				IPHONEOS_DEPLOYMENT_TARGET = 10.2;
				LD_RUNPATH_SEARCH_PATHS = "$(inherited) @executable_path/Frameworks";
				PRODUCT_BUNDLE_IDENTIFIER = com.Stammtisch.Stammtisch;
				PRODUCT_NAME = "$(TARGET_NAME)";
				SWIFT_OBJC_BRIDGING_HEADER = "Stammtisch/Stammtisch-Bridging-Header.h";
				SWIFT_OPTIMIZATION_LEVEL = "-Onone";
				SWIFT_VERSION = 3.0;
			};
			name = Debug;
		};
		A93238451EFD535D005D6D79 /* Release */ = {
			isa = XCBuildConfiguration;
			baseConfigurationReference = E91B6394A1F3F996A47F6E04 /* Pods-Stammtisch.release.xcconfig */;
			buildSettings = {
				ASSETCATALOG_COMPILER_APPICON_NAME = AppIcon;
				CLANG_ENABLE_MODULES = YES;
				DEVELOPMENT_TEAM = V5QNM5ZAW9;
				INFOPLIST_FILE = Stammtisch/Info.plist;
				IPHONEOS_DEPLOYMENT_TARGET = 10.2;
				LD_RUNPATH_SEARCH_PATHS = "$(inherited) @executable_path/Frameworks";
				PRODUCT_BUNDLE_IDENTIFIER = com.Stammtisch.Stammtisch;
				PRODUCT_NAME = "$(TARGET_NAME)";
				SWIFT_OBJC_BRIDGING_HEADER = "Stammtisch/Stammtisch-Bridging-Header.h";
				SWIFT_VERSION = 3.0;
			};
			name = Release;
		};
/* End XCBuildConfiguration section */

/* Begin XCConfigurationList section */
		A932382C1EFD535D005D6D79 /* Build configuration list for PBXProject "Stammtisch" */ = {
			isa = XCConfigurationList;
			buildConfigurations = (
				A93238411EFD535D005D6D79 /* Debug */,
				A93238421EFD535D005D6D79 /* Release */,
			);
			defaultConfigurationIsVisible = 0;
			defaultConfigurationName = Release;
		};
		A93238431EFD535D005D6D79 /* Build configuration list for PBXNativeTarget "Stammtisch" */ = {
			isa = XCConfigurationList;
			buildConfigurations = (
				A93238441EFD535D005D6D79 /* Debug */,
				A93238451EFD535D005D6D79 /* Release */,
			);
			defaultConfigurationIsVisible = 0;
			defaultConfigurationName = Release;
		};
/* End XCConfigurationList section */
	};
	rootObject = A93238291EFD535D005D6D79 /* Project object */;
}
